// !$*UTF8*$!
{
	archiveVersion = 1;
	classes = {
	};
	objectVersion = 46;
	objects = {

/* Begin PBXBuildFile section */
		74C14DA51B968EC60080E273 /* main.m in Sources */ = {isa = PBXBuildFile; fileRef = 74C14DA41B968EC60080E273 /* main.m */; };
		74C14DA81B968EC60080E273 /* AppDelegate.m in Sources */ = {isa = PBXBuildFile; fileRef = 74C14DA71B968EC60080E273 /* AppDelegate.m */; };
		74C14DB01B968EC60080E273 /* Images.xcassets in Resources */ = {isa = PBXBuildFile; fileRef = 74C14DAF1B968EC60080E273 /* Images.xcassets */; };
		74C14DB31B968EC60080E273 /* LaunchScreen.xib in Resources */ = {isa = PBXBuildFile; fileRef = 74C14DB11B968EC60080E273 /* LaunchScreen.xib */; };
		74C14DBF1B968EC60080E273 /* mask___Tests.m in Sources */ = {isa = PBXBuildFile; fileRef = 74C14DBE1B968EC60080E273 /* mask___Tests.m */; };
		74C14DCC1B968ED50080E273 /* ChenBtn.m in Sources */ = {isa = PBXBuildFile; fileRef = 74C14DC81B968ED50080E273 /* ChenBtn.m */; };
		74C14DCD1B968ED50080E273 /* MaskViewController.m in Sources */ = {isa = PBXBuildFile; fileRef = 74C14DCA1B968ED50080E273 /* MaskViewController.m */; };
/* End PBXBuildFile section */

/* Begin PBXContainerItemProxy section */
		74C14DB91B968EC60080E273 /* PBXContainerItemProxy */ = {
			isa = PBXContainerItemProxy;
			containerPortal = 74C14D971B968EC60080E273 /* Project object */;
			proxyType = 1;
			remoteGlobalIDString = 74C14D9E1B968EC60080E273;
			remoteInfo = "mask小玩法";
		};
/* End PBXContainerItemProxy section */

/* Begin PBXFileReference section */
		74C14D9F1B968EC60080E273 /* mask小玩法.app */ = {isa = PBXFileReference; explicitFileType = wrapper.application; includeInIndex = 0; path = "mask小玩法.app"; sourceTree = BUILT_PRODUCTS_DIR; };
		74C14DA31B968EC60080E273 /* Info.plist */ = {isa = PBXFileReference; lastKnownFileType = text.plist.xml; path = Info.plist; sourceTree = "<group>"; };
		74C14DA41B968EC60080E273 /* main.m */ = {isa = PBXFileReference; lastKnownFileType = sourcecode.c.objc; path = main.m; sourceTree = "<group>"; };
		74C14DA61B968EC60080E273 /* AppDelegate.h */ = {isa = PBXFileReference; lastKnownFileType = sourcecode.c.h; path = AppDelegate.h; sourceTree = "<group>"; };
		74C14DA71B968EC60080E273 /* AppDelegate.m */ = {isa = PBXFileReference; lastKnownFileType = sourcecode.c.objc; path = AppDelegate.m; sourceTree = "<group>"; };
		74C14DAF1B968EC60080E273 /* Images.xcassets */ = {isa = PBXFileReference; lastKnownFileType = folder.assetcatalog; path = Images.xcassets; sourceTree = "<group>"; };
		74C14DB21B968EC60080E273 /* Base */ = {isa = PBXFileReference; lastKnownFileType = file.xib; name = Base; path = Base.lproj/LaunchScreen.xib; sourceTree = "<group>"; };
		74C14DB81B968EC60080E273 /* mask小玩法Tests.xctest */ = {isa = PBXFileReference; explicitFileType = wrapper.cfbundle; includeInIndex = 0; path = "mask小玩法Tests.xctest"; sourceTree = BUILT_PRODUCTS_DIR; };
		74C14DBD1B968EC60080E273 /* Info.plist */ = {isa = PBXFileReference; lastKnownFileType = text.plist.xml; path = Info.plist; sourceTree = "<group>"; };
		74C14DBE1B968EC60080E273 /* mask___Tests.m */ = {isa = PBXFileReference; lastKnownFileType = sourcecode.c.objc; path = "mask___Tests.m"; sourceTree = "<group>"; };
		74C14DC81B968ED50080E273 /* ChenBtn.m */ = {isa = PBXFileReference; fileEncoding = 4; lastKnownFileType = sourcecode.c.objc; path = ChenBtn.m; sourceTree = "<group>"; };
		74C14DC91B968ED50080E273 /* MaskViewController.h */ = {isa = PBXFileReference; fileEncoding = 4; lastKnownFileType = sourcecode.c.h; path = MaskViewController.h; sourceTree = "<group>"; };
		74C14DCA1B968ED50080E273 /* MaskViewController.m */ = {isa = PBXFileReference; fileEncoding = 4; lastKnownFileType = sourcecode.c.objc; path = MaskViewController.m; sourceTree = "<group>"; };
		74C14DCB1B968ED50080E273 /* ChenBtn.h */ = {isa = PBXFileReference; fileEncoding = 4; lastKnownFileType = sourcecode.c.h; path = ChenBtn.h; sourceTree = "<group>"; };
/* End PBXFileReference section */

/* Begin PBXFrameworksBuildPhase section */
		74C14D9C1B968EC60080E273 /* Frameworks */ = {
			isa = PBXFrameworksBuildPhase;
			buildActionMask = 2147483647;
			files = (
			);
			runOnlyForDeploymentPostprocessing = 0;
		};
		74C14DB51B968EC60080E273 /* Frameworks */ = {
			isa = PBXFrameworksBuildPhase;
			buildActionMask = 2147483647;
			files = (
			);
			runOnlyForDeploymentPostprocessing = 0;
		};
/* End PBXFrameworksBuildPhase section */

/* Begin PBXGroup section */
		74C14D961B968EC60080E273 = {
			isa = PBXGroup;
			children = (
				74C14DA11B968EC60080E273 /* mask小玩法 */,
				74C14DBB1B968EC60080E273 /* mask小玩法Tests */,
				74C14DA01B968EC60080E273 /* Products */,
			);
			sourceTree = "<group>";
		};
		74C14DA01B968EC60080E273 /* Products */ = {
			isa = PBXGroup;
			children = (
				74C14D9F1B968EC60080E273 /* mask小玩法.app */,
				74C14DB81B968EC60080E273 /* mask小玩法Tests.xctest */,
			);
			name = Products;
			sourceTree = "<group>";
		};
		74C14DA11B968EC60080E273 /* mask小玩法 */ = {
			isa = PBXGroup;
			children = (
				74C14DA61B968EC60080E273 /* AppDelegate.h */,
				74C14DA71B968EC60080E273 /* AppDelegate.m */,
				74C14DCB1B968ED50080E273 /* ChenBtn.h */,
				74C14DC81B968ED50080E273 /* ChenBtn.m */,
				74C14DC91B968ED50080E273 /* MaskViewController.h */,
				74C14DCA1B968ED50080E273 /* MaskViewController.m */,
				74C14DAF1B968EC60080E273 /* Images.xcassets */,
				74C14DB11B968EC60080E273 /* LaunchScreen.xib */,
				74C14DA21B968EC60080E273 /* Supporting Files */,
			);
			path = "mask小玩法";
			sourceTree = "<group>";
		};
		74C14DA21B968EC60080E273 /* Supporting Files */ = {
			isa = PBXGroup;
			children = (
				74C14DA31B968EC60080E273 /* Info.plist */,
				74C14DA41B968EC60080E273 /* main.m */,
			);
			name = "Supporting Files";
			sourceTree = "<group>";
		};
		74C14DBB1B968EC60080E273 /* mask小玩法Tests */ = {
			isa = PBXGroup;
			children = (
				74C14DBE1B968EC60080E273 /* mask___Tests.m */,
				74C14DBC1B968EC60080E273 /* Supporting Files */,
			);
			path = "mask小玩法Tests";
			sourceTree = "<group>";
		};
		74C14DBC1B968EC60080E273 /* Supporting Files */ = {
			isa = PBXGroup;
			children = (
				74C14DBD1B968EC60080E273 /* Info.plist */,
			);
			name = "Supporting Files";
			sourceTree = "<group>";
		};
/* End PBXGroup section */

/* Begin PBXNativeTarget section */
		74C14D9E1B968EC60080E273 /* mask小玩法 */ = {
			isa = PBXNativeTarget;
			buildConfigurationList = 74C14DC21B968EC60080E273 /* Build configuration list for PBXNativeTarget "mask小玩法" */;
			buildPhases = (
				74C14D9B1B968EC60080E273 /* Sources */,
				74C14D9C1B968EC60080E273 /* Frameworks */,
				74C14D9D1B968EC60080E273 /* Resources */,
			);
			buildRules = (
			);
			dependencies = (
			);
			name = "mask小玩法";
			productName = "mask小玩法";
			productReference = 74C14D9F1B968EC60080E273 /* mask小玩法.app */;
			productType = "com.apple.product-type.application";
		};
		74C14DB71B968EC60080E273 /* mask小玩法Tests */ = {
			isa = PBXNativeTarget;
			buildConfigurationList = 74C14DC51B968EC60080E273 /* Build configuration list for PBXNativeTarget "mask小玩法Tests" */;
			buildPhases = (
				74C14DB41B968EC60080E273 /* Sources */,
				74C14DB51B968EC60080E273 /* Frameworks */,
				74C14DB61B968EC60080E273 /* Resources */,
			);
			buildRules = (
			);
			dependencies = (
				74C14DBA1B968EC60080E273 /* PBXTargetDependency */,
			);
			name = "mask小玩法Tests";
			productName = "mask小玩法Tests";
			productReference = 74C14DB81B968EC60080E273 /* mask小玩法Tests.xctest */;
			productType = "com.apple.product-type.bundle.unit-test";
		};
/* End PBXNativeTarget section */

/* Begin PBXProject section */
		74C14D971B968EC60080E273 /* Project object */ = {
			isa = PBXProject;
			attributes = {
				LastUpgradeCheck = 0640;
				ORGANIZATIONNAME = chen;
				TargetAttributes = {
					74C14D9E1B968EC60080E273 = {
						CreatedOnToolsVersion = 6.4;
					};
					74C14DB71B968EC60080E273 = {
						CreatedOnToolsVersion = 6.4;
						TestTargetID = 74C14D9E1B968EC60080E273;
					};
				};
			};
			buildConfigurationList = 74C14D9A1B968EC60080E273 /* Build configuration list for PBXProject "mask小玩法" */;
			compatibilityVersion = "Xcode 3.2";
			developmentRegion = English;
			hasScannedForEncodings = 0;
			knownRegions = (
				en,
				Base,
			);
			mainGroup = 74C14D961B968EC60080E273;
			productRefGroup = 74C14DA01B968EC60080E273 /* Products */;
			projectDirPath = "";
			projectRoot = "";
			targets = (
				74C14D9E1B968EC60080E273 /* mask小玩法 */,
				74C14DB71B968EC60080E273 /* mask小玩法Tests */,
			);
		};
/* End PBXProject section */

/* Begin PBXResourcesBuildPhase section */
		74C14D9D1B968EC60080E273 /* Resources */ = {
			isa = PBXResourcesBuildPhase;
			buildActionMask = 2147483647;
			files = (
				74C14DB31B968EC60080E273 /* LaunchScreen.xib in Resources */,
				74C14DB01B968EC60080E273 /* Images.xcassets in Resources */,
			);
			runOnlyForDeploymentPostprocessing = 0;
		};
		74C14DB61B968EC60080E273 /* Resources */ = {
			isa = PBXResourcesBuildPhase;
			buildActionMask = 2147483647;
			files = (
			);
			runOnlyForDeploymentPostprocessing = 0;
		};
/* End PBXResourcesBuildPhase section */

/* Begin PBXSourcesBuildPhase section */
		74C14D9B1B968EC60080E273 /* Sources */ = {
			isa = PBXSourcesBuildPhase;
			buildActionMask = 2147483647;
			files = (
				74C14DCD1B968ED50080E273 /* MaskViewController.m in Sources */,
				74C14DA81B968EC60080E273 /* AppDelegate.m in Sources */,
				74C14DCC1B968ED50080E273 /* ChenBtn.m in Sources */,
				74C14DA51B968EC60080E273 /* main.m in Sources */,
			);
			runOnlyForDeploymentPostprocessing = 0;
		};
		74C14DB41B968EC60080E273 /* Sources */ = {
			isa = PBXSourcesBuildPhase;
			buildActionMask = 2147483647;
			files = (
				74C14DBF1B968EC60080E273 /* mask___Tests.m in Sources */,
			);
			runOnlyForDeploymentPostprocessing = 0;
		};
/* End PBXSourcesBuildPhase section */

/* Begin PBXTargetDependency section */
		74C14DBA1B968EC60080E273 /* PBXTargetDependency */ = {
			isa = PBXTargetDependency;
			target = 74C14D9E1B968EC60080E273 /* mask小玩法 */;
			targetProxy = 74C14DB91B968EC60080E273 /* PBXContainerItemProxy */;
		};
/* End PBXTargetDependency section */

/* Begin PBXVariantGroup section */
		74C14DB11B968EC60080E273 /* LaunchScreen.xib */ = {
			isa = PBXVariantGroup;
			children = (
				74C14DB21B968EC60080E273 /* Base */,
			);
			name = LaunchScreen.xib;
			sourceTree = "<group>";
		};
/* End PBXVariantGroup section */

/* Begin XCBuildConfiguration section */
		74C14DC01B968EC60080E273 /* Debug */ = {
			isa = XCBuildConfiguration;
			buildSettings = {
				ALWAYS_SEARCH_USER_PATHS = NO;
				CLANG_CXX_LANGUAGE_STANDARD = "gnu++0x";
				CLANG_CXX_LIBRARY = "libc++";
				CLANG_ENABLE_MODULES = YES;
				CLANG_ENABLE_OBJC_ARC = YES;
				CLANG_WARN_BOOL_CONVERSION = YES;
				CLANG_WARN_CONSTANT_CONVERSION = YES;
				CLANG_WARN_DIRECT_OBJC_ISA_USAGE = YES_ERROR;
				CLANG_WARN_EMPTY_BODY = YES;
				CLANG_WARN_ENUM_CONVERSION = YES;
				CLANG_WARN_INT_CONVERSION = YES;
				CLANG_WARN_OBJC_ROOT_CLASS = YES_ERROR;
				CLANG_WARN_UNREACHABLE_CODE = YES;
				CLANG_WARN__DUPLICATE_METHOD_MATCH = YES;
				"CODE_SIGN_IDENTITY[sdk=iphoneos*]" = "iPhone Developer";
				COPY_PHASE_STRIP = NO;
				DEBUG_INFORMATION_FORMAT = "dwarf-with-dsym";
				ENABLE_STRICT_OBJC_MSGSEND = YES;
				GCC_C_LANGUAGE_STANDARD = gnu99;
				GCC_DYNAMIC_NO_PIC = NO;
				GCC_NO_COMMON_BLOCKS = YES;
				GCC_OPTIMIZATION_LEVEL = 0;
				GCC_PREPROCESSOR_DEFINITIONS = (
					"DEBUG=1",
					"$(inherited)",
				);
				GCC_SYMBOLS_PRIVATE_EXTERN = NO;
				GCC_WARN_64_TO_32_BIT_CONVERSION = YES;
				GCC_WARN_ABOUT_RETURN_TYPE = YES_ERROR;
				GCC_WARN_UNDECLARED_SELECTOR = YES;
				GCC_WARN_UNINITIALIZED_AUTOS = YES_AGGRESSIVE;
				GCC_WARN_UNUSED_FUNCTION = YES;
				GCC_WARN_UNUSED_VARIABLE = YES;
				IPHONEOS_DEPLOYMENT_TARGET = 8.4;
				MTL_ENABLE_DEBUG_INFO = YES;
				ONLY_ACTIVE_ARCH = YES;
				SDKROOT = iphoneos;
			};
			name = Debug;
		};
		74C14DC11B968EC60080E273 /* Release */ = {
			isa = XCBuildConfiguration;
			buildSettings = {
				ALWAYS_SEARCH_USER_PATHS = NO;
				CLANG_CXX_LANGUAGE_STANDARD = "gnu++0x";
				CLANG_CXX_LIBRARY = "libc++";
				CLANG_ENABLE_MODULES = YES;
				CLANG_ENABLE_OBJC_ARC = YES;
				CLANG_WARN_BOOL_CONVERSION = YES;
				CLANG_WARN_CONSTANT_CONVERSION = YES;
				CLANG_WARN_DIRECT_OBJC_ISA_USAGE = YES_ERROR;
				CLANG_WARN_EMPTY_BODY = YES;
				CLANG_WARN_ENUM_CONVERSION = YES;
				CLANG_WARN_INT_CONVERSION = YES;
				CLANG_WARN_OBJC_ROOT_CLASS = YES_ERROR;
				CLANG_WARN_UNREACHABLE_CODE = YES;
				CLANG_WARN__DUPLICATE_METHOD_MATCH = YES;
				"CODE_SIGN_IDENTITY[sdk=iphoneos*]" = "iPhone Developer";
				COPY_PHASE_STRIP = NO;
				DEBUG_INFORMATION_FORMAT = "dwarf-with-dsym";
				ENABLE_NS_ASSERTIONS = NO;
				ENABLE_STRICT_OBJC_MSGSEND = YES;
				GCC_C_LANGUAGE_STANDARD = gnu99;
				GCC_NO_COMMON_BLOCKS = YES;
				GCC_WARN_64_TO_32_BIT_CONVERSION = YES;
				GCC_WARN_ABOUT_RETURN_TYPE = YES_ERROR;
				GCC_WARN_UNDECLARED_SELECTOR = YES;
				GCC_WARN_UNINITIALIZED_AUTOS = YES_AGGRESSIVE;
				GCC_WARN_UNUSED_FUNCTION = YES;
				GCC_WARN_UNUSED_VARIABLE = YES;
				IPHONEOS_DEPLOYMENT_TARGET = 8.4;
				MTL_ENABLE_DEBUG_INFO = NO;
				SDKROOT = iphoneos;
				VALIDATE_PRODUCT = YES;
			};
			name = Release;
		};
		74C14DC31B968EC60080E273 /* Debug */ = {
			isa = XCBuildConfiguration;
			buildSettings = {
				ASSETCATALOG_COMPILER_APPICON_NAME = AppIcon;
				INFOPLIST_FILE = "mask小玩法/Info.plist";
				LD_RUNPATH_SEARCH_PATHS = "$(inherited) @executable_path/Frameworks";
				PRODUCT_NAME = "$(TARGET_NAME)";
			};
			name = Debug;
		};
		74C14DC41B968EC60080E273 /* Release */ = {
			isa = XCBuildConfiguration;
			buildSettings = {
				ASSETCATALOG_COMPILER_APPICON_NAME = AppIcon;
				INFOPLIST_FILE = "mask小玩法/Info.plist";
				LD_RUNPATH_SEARCH_PATHS = "$(inherited) @executable_path/Frameworks";
				PRODUCT_NAME = "$(TARGET_NAME)";
			};
			name = Release;
		};
		74C14DC61B968EC60080E273 /* Debug */ = {
			isa = XCBuildConfiguration;
			buildSettings = {
				BUNDLE_LOADER = "$(TEST_HOST)";
				FRAMEWORK_SEARCH_PATHS = (
					"$(SDKROOT)/Developer/Library/Frameworks",
					"$(inherited)",
				);
				GCC_PREPROCESSOR_DEFINITIONS = (
					"DEBUG=1",
					"$(inherited)",
				);
				INFOPLIST_FILE = "mask小玩法Tests/Info.plist";
				LD_RUNPATH_SEARCH_PATHS = "$(inherited) @executable_path/Frameworks @loader_path/Frameworks";
				PRODUCT_NAME = "$(TARGET_NAME)";
				TEST_HOST = "$(BUILT_PRODUCTS_DIR)/mask小玩法.app/mask小玩法";
			};
			name = Debug;
		};
		74C14DC71B968EC60080E273 /* Release */ = {
			isa = XCBuildConfiguration;
			buildSettings = {
				BUNDLE_LOADER = "$(TEST_HOST)";
				FRAMEWORK_SEARCH_PATHS = (
					"$(SDKROOT)/Developer/Library/Frameworks",
					"$(inherited)",
				);
				INFOPLIST_FILE = "mask小玩法Tests/Info.plist";
				LD_RUNPATH_SEARCH_PATHS = "$(inherited) @executable_path/Frameworks @loader_path/Frameworks";
				PRODUCT_NAME = "$(TARGET_NAME)";
				TEST_HOST = "$(BUILT_PRODUCTS_DIR)/mask小玩法.app/mask小玩法";
			};
			name = Release;
		};
/* End XCBuildConfiguration section */

/* Begin XCConfigurationList section */
		74C14D9A1B968EC60080E273 /* Build configuration list for PBXProject "mask小玩法" */ = {
			isa = XCConfigurationList;
			buildConfigurations = (
				74C14DC01B968EC60080E273 /* Debug */,
				74C14DC11B968EC60080E273 /* Release */,
			);
			defaultConfigurationIsVisible = 0;
			defaultConfigurationName = Release;
		};
		74C14DC21B968EC60080E273 /* Build configuration list for PBXNativeTarget "mask小玩法" */ = {
			isa = XCConfigurationList;
			buildConfigurations = (
				74C14DC31B968EC60080E273 /* Debug */,
				74C14DC41B968EC60080E273 /* Release */,
			);
			defaultConfigurationIsVisible = 0;
		};
		74C14DC51B968EC60080E273 /* Build configuration list for PBXNativeTarget "mask小玩法Tests" */ = {
			isa = XCConfigurationList;
			buildConfigurations = (
				74C14DC61B968EC60080E273 /* Debug */,
				74C14DC71B968EC60080E273 /* Release */,
			);
			defaultConfigurationIsVisible = 0;
		};
/* End XCConfigurationList section */
	};
	rootObject = 74C14D971B968EC60080E273 /* Project object */;
}
